// !$*UTF8*$!
{
	archiveVersion = 1;
	classes = {
	};
	objectVersion = 55;
	objects = {

/* Begin PBXBuildFile section */
		3F4A8C5A29CA0ED100E8B565 /* CommentSectionView.swift in Sources */ = {isa = PBXBuildFile; fileRef = 3F4A8C5929CA0ED100E8B565 /* CommentSectionView.swift */; };
		3F4A8C5C29CA0F5A00E8B565 /* Comment.swift in Sources */ = {isa = PBXBuildFile; fileRef = 3F4A8C5B29CA0F5A00E8B565 /* Comment.swift */; };
		610D61C829CB7D8800D691CC /* UserView.swift in Sources */ = {isa = PBXBuildFile; fileRef = 610D61C729CB7D8800D691CC /* UserView.swift */; };
		610D61CA29CB7F2B00D691CC /* UserDetailView.swift in Sources */ = {isa = PBXBuildFile; fileRef = 610D61C929CB7F2B00D691CC /* UserDetailView.swift */; };
		619C437529B26B12006CDCF2 /* SettingsView.swift in Sources */ = {isa = PBXBuildFile; fileRef = 619C437429B26B12006CDCF2 /* SettingsView.swift */; };
		619C437829B27095006CDCF2 /* CreatePostView.swift in Sources */ = {isa = PBXBuildFile; fileRef = 619C437729B27095006CDCF2 /* CreatePostView.swift */; };
		619C437A29B270CC006CDCF2 /* PostListView.swift in Sources */ = {isa = PBXBuildFile; fileRef = 619C437929B270CC006CDCF2 /* PostListView.swift */; };
		619C437C29B271A4006CDCF2 /* PostDetailView.swift in Sources */ = {isa = PBXBuildFile; fileRef = 619C437B29B271A4006CDCF2 /* PostDetailView.swift */; };
		619D3F2B29CCC858003B5F86 /* ImagePicker.swift in Sources */ = {isa = PBXBuildFile; fileRef = 619D3F2A29CCC858003B5F86 /* ImagePicker.swift */; };
		61BC227E29AD25B9004200F9 /* FredApp.swift in Sources */ = {isa = PBXBuildFile; fileRef = 61BC227D29AD25B9004200F9 /* FredApp.swift */; };
		61BC228029AD25B9004200F9 /* ContentView.swift in Sources */ = {isa = PBXBuildFile; fileRef = 61BC227F29AD25B9004200F9 /* ContentView.swift */; };
		61BC228229AD25BC004200F9 /* Assets.xcassets in Resources */ = {isa = PBXBuildFile; fileRef = 61BC228129AD25BC004200F9 /* Assets.xcassets */; };
		61BC228529AD25BC004200F9 /* Preview Assets.xcassets in Resources */ = {isa = PBXBuildFile; fileRef = 61BC228429AD25BC004200F9 /* Preview Assets.xcassets */; };
		61BC228E29AD2EE2004200F9 /* User.swift in Sources */ = {isa = PBXBuildFile; fileRef = 61BC228D29AD2EE2004200F9 /* User.swift */; };
		61BC229029AD2EED004200F9 /* Post.swift in Sources */ = {isa = PBXBuildFile; fileRef = 61BC228F29AD2EED004200F9 /* Post.swift */; };
		61BC229529AD3036004200F9 /* SignUp.swift in Sources */ = {isa = PBXBuildFile; fileRef = 61BC229429AD3036004200F9 /* SignUp.swift */; };
		61EAC81029D4D6D900A819DD /* ViewStack.swift in Sources */ = {isa = PBXBuildFile; fileRef = 61EAC80F29D4D6D900A819DD /* ViewStack.swift */; };
		61EF2C9B29AD38CD00429194 /* SignIn.swift in Sources */ = {isa = PBXBuildFile; fileRef = 61EF2C9A29AD38CD00429194 /* SignIn.swift */; };
		61EF2C9D29AD3A1600429194 /* PostView.swift in Sources */ = {isa = PBXBuildFile; fileRef = 61EF2C9C29AD3A1600429194 /* PostView.swift */; };
		61FA7AB429BA556D00AD8344 /* GoogleService-Info.plist in Resources */ = {isa = PBXBuildFile; fileRef = 61FA7AB329BA556D00AD8344 /* GoogleService-Info.plist */; };
		FB580C23ABE4D29369DA2903 /* Pods_Fred.framework in Frameworks */ = {isa = PBXBuildFile; fileRef = E84BD9B5946E4B2E8F227BA5 /* Pods_Fred.framework */; };
/* End PBXBuildFile section */

/* Begin PBXFileReference section */
		1A83953AD007F1D22FC64386 /* Pods-Fred.release.xcconfig */ = {isa = PBXFileReference; includeInIndex = 1; lastKnownFileType = text.xcconfig; name = "Pods-Fred.release.xcconfig"; path = "Target Support Files/Pods-Fred/Pods-Fred.release.xcconfig"; sourceTree = "<group>"; };
		3B6BB917B72B45160C7CC0BE /* Pods-Fred.debug.xcconfig */ = {isa = PBXFileReference; includeInIndex = 1; lastKnownFileType = text.xcconfig; name = "Pods-Fred.debug.xcconfig"; path = "Target Support Files/Pods-Fred/Pods-Fred.debug.xcconfig"; sourceTree = "<group>"; };
		3F4A8C5929CA0ED100E8B565 /* CommentSectionView.swift */ = {isa = PBXFileReference; lastKnownFileType = sourcecode.swift; path = CommentSectionView.swift; sourceTree = "<group>"; };
		3F4A8C5B29CA0F5A00E8B565 /* Comment.swift */ = {isa = PBXFileReference; lastKnownFileType = sourcecode.swift; path = Comment.swift; sourceTree = "<group>"; };
		610D61C729CB7D8800D691CC /* UserView.swift */ = {isa = PBXFileReference; lastKnownFileType = sourcecode.swift; path = UserView.swift; sourceTree = "<group>"; };
		610D61C929CB7F2B00D691CC /* UserDetailView.swift */ = {isa = PBXFileReference; lastKnownFileType = sourcecode.swift; path = UserDetailView.swift; sourceTree = "<group>"; };
		619C437429B26B12006CDCF2 /* SettingsView.swift */ = {isa = PBXFileReference; lastKnownFileType = sourcecode.swift; path = SettingsView.swift; sourceTree = "<group>"; };
		619C437729B27095006CDCF2 /* CreatePostView.swift */ = {isa = PBXFileReference; lastKnownFileType = sourcecode.swift; path = CreatePostView.swift; sourceTree = "<group>"; };
		619C437929B270CC006CDCF2 /* PostListView.swift */ = {isa = PBXFileReference; lastKnownFileType = sourcecode.swift; path = PostListView.swift; sourceTree = "<group>"; };
		619C437B29B271A4006CDCF2 /* PostDetailView.swift */ = {isa = PBXFileReference; lastKnownFileType = sourcecode.swift; path = PostDetailView.swift; sourceTree = "<group>"; };
		619D3F2A29CCC858003B5F86 /* ImagePicker.swift */ = {isa = PBXFileReference; lastKnownFileType = sourcecode.swift; path = ImagePicker.swift; sourceTree = "<group>"; };
		61BC227A29AD25B9004200F9 /* Fred.app */ = {isa = PBXFileReference; explicitFileType = wrapper.application; includeInIndex = 0; path = Fred.app; sourceTree = BUILT_PRODUCTS_DIR; };
		61BC227D29AD25B9004200F9 /* FredApp.swift */ = {isa = PBXFileReference; lastKnownFileType = sourcecode.swift; path = FredApp.swift; sourceTree = "<group>"; };
		61BC227F29AD25B9004200F9 /* ContentView.swift */ = {isa = PBXFileReference; lastKnownFileType = sourcecode.swift; path = ContentView.swift; sourceTree = "<group>"; };
		61BC228129AD25BC004200F9 /* Assets.xcassets */ = {isa = PBXFileReference; lastKnownFileType = folder.assetcatalog; path = Assets.xcassets; sourceTree = "<group>"; };
		61BC228429AD25BC004200F9 /* Preview Assets.xcassets */ = {isa = PBXFileReference; lastKnownFileType = folder.assetcatalog; path = "Preview Assets.xcassets"; sourceTree = "<group>"; };
		61BC228D29AD2EE2004200F9 /* User.swift */ = {isa = PBXFileReference; lastKnownFileType = sourcecode.swift; path = User.swift; sourceTree = "<group>"; };
		61BC228F29AD2EED004200F9 /* Post.swift */ = {isa = PBXFileReference; lastKnownFileType = sourcecode.swift; path = Post.swift; sourceTree = "<group>"; };
		61BC229429AD3036004200F9 /* SignUp.swift */ = {isa = PBXFileReference; lastKnownFileType = sourcecode.swift; path = SignUp.swift; sourceTree = "<group>"; };
		61EAC80F29D4D6D900A819DD /* ViewStack.swift */ = {isa = PBXFileReference; lastKnownFileType = sourcecode.swift; path = ViewStack.swift; sourceTree = "<group>"; };
		61EF2C9A29AD38CD00429194 /* SignIn.swift */ = {isa = PBXFileReference; lastKnownFileType = sourcecode.swift; path = SignIn.swift; sourceTree = "<group>"; };
		61EF2C9C29AD3A1600429194 /* PostView.swift */ = {isa = PBXFileReference; lastKnownFileType = sourcecode.swift; path = PostView.swift; sourceTree = "<group>"; };
		61FA7AB329BA556D00AD8344 /* GoogleService-Info.plist */ = {isa = PBXFileReference; fileEncoding = 4; lastKnownFileType = text.plist.xml; path = "GoogleService-Info.plist"; sourceTree = "<group>"; };
		E84BD9B5946E4B2E8F227BA5 /* Pods_Fred.framework */ = {isa = PBXFileReference; explicitFileType = wrapper.framework; includeInIndex = 0; path = Pods_Fred.framework; sourceTree = BUILT_PRODUCTS_DIR; };
/* End PBXFileReference section */

/* Begin PBXFrameworksBuildPhase section */
		61BC227729AD25B8004200F9 /* Frameworks */ = {
			isa = PBXFrameworksBuildPhase;
			buildActionMask = 2147483647;
			files = (
				FB580C23ABE4D29369DA2903 /* Pods_Fred.framework in Frameworks */,
			);
			runOnlyForDeploymentPostprocessing = 0;
		};
/* End PBXFrameworksBuildPhase section */

/* Begin PBXGroup section */
		110CE387A8640AB2375A83C9 /* Pods */ = {
			isa = PBXGroup;
			children = (
				3B6BB917B72B45160C7CC0BE /* Pods-Fred.debug.xcconfig */,
				1A83953AD007F1D22FC64386 /* Pods-Fred.release.xcconfig */,
			);
			path = Pods;
			sourceTree = "<group>";
		};
		610D61C629CB7D7C00D691CC /* User */ = {
			isa = PBXGroup;
			children = (
				610D61C729CB7D8800D691CC /* UserView.swift */,
				610D61C929CB7F2B00D691CC /* UserDetailView.swift */,
			);
			path = User;
			sourceTree = "<group>";
		};
		619C437629B2707E006CDCF2 /* Post */ = {
			isa = PBXGroup;
			children = (
				61EF2C9C29AD3A1600429194 /* PostView.swift */,
				619C437729B27095006CDCF2 /* CreatePostView.swift */,
				3F4A8C5929CA0ED100E8B565 /* CommentSectionView.swift */,
				3F4A8C5B29CA0F5A00E8B565 /* Comment.swift */,
				619C437929B270CC006CDCF2 /* PostListView.swift */,
				619C437B29B271A4006CDCF2 /* PostDetailView.swift */,
			);
			path = Post;
			sourceTree = "<group>";
		};
		61BC227129AD25B8004200F9 = {
			isa = PBXGroup;
			children = (
				61BC227C29AD25B9004200F9 /* Fred */,
				61BC227B29AD25B9004200F9 /* Products */,
				110CE387A8640AB2375A83C9 /* Pods */,
				E0370D348663FDF91165CED6 /* Frameworks */,
			);
			sourceTree = "<group>";
		};
		61BC227B29AD25B9004200F9 /* Products */ = {
			isa = PBXGroup;
			children = (
				61BC227A29AD25B9004200F9 /* Fred.app */,
			);
			name = Products;
			sourceTree = "<group>";
		};
		61BC227C29AD25B9004200F9 /* Fred */ = {
			isa = PBXGroup;
			children = (
				61FA7AB329BA556D00AD8344 /* GoogleService-Info.plist */,
				61BC228C29AD2ECF004200F9 /* Model */,
				61BC228B29AD2EC8004200F9 /* Views */,
				61BC227D29AD25B9004200F9 /* FredApp.swift */,
				61BC228129AD25BC004200F9 /* Assets.xcassets */,
				61BC228329AD25BC004200F9 /* Preview Content */,
			);
			path = Fred;
			sourceTree = "<group>";
		};
		61BC228329AD25BC004200F9 /* Preview Content */ = {
			isa = PBXGroup;
			children = (
				61BC228429AD25BC004200F9 /* Preview Assets.xcassets */,
			);
			path = "Preview Content";
			sourceTree = "<group>";
		};
		61BC228B29AD2EC8004200F9 /* Views */ = {
			isa = PBXGroup;
			children = (
				610D61C629CB7D7C00D691CC /* User */,
				619C437629B2707E006CDCF2 /* Post */,
				61BC229129AD301D004200F9 /* Auth */,
				61BC227F29AD25B9004200F9 /* ContentView.swift */,
				619C437429B26B12006CDCF2 /* SettingsView.swift */,
				619D3F2A29CCC858003B5F86 /* ImagePicker.swift */,
			);
			path = Views;
			sourceTree = "<group>";
		};
		61BC228C29AD2ECF004200F9 /* Model */ = {
			isa = PBXGroup;
			children = (
				61BC228D29AD2EE2004200F9 /* User.swift */,
				61BC228F29AD2EED004200F9 /* Post.swift */,
				61EAC80F29D4D6D900A819DD /* ViewStack.swift */,
			);
			path = Model;
			sourceTree = "<group>";
		};
		61BC229129AD301D004200F9 /* Auth */ = {
			isa = PBXGroup;
			children = (
				61BC229429AD3036004200F9 /* SignUp.swift */,
				61EF2C9A29AD38CD00429194 /* SignIn.swift */,
			);
			path = Auth;
			sourceTree = "<group>";
		};
		E0370D348663FDF91165CED6 /* Frameworks */ = {
			isa = PBXGroup;
			children = (
				E84BD9B5946E4B2E8F227BA5 /* Pods_Fred.framework */,
			);
			name = Frameworks;
			sourceTree = "<group>";
		};
/* End PBXGroup section */

/* Begin PBXNativeTarget section */
		61BC227929AD25B8004200F9 /* Fred */ = {
			isa = PBXNativeTarget;
			buildConfigurationList = 61BC228829AD25BC004200F9 /* Build configuration list for PBXNativeTarget "Fred" */;
			buildPhases = (
				A1E1478D6607F3DE64755037 /* [CP] Check Pods Manifest.lock */,
				61BC227629AD25B8004200F9 /* Sources */,
				61BC227729AD25B8004200F9 /* Frameworks */,
				61BC227829AD25B8004200F9 /* Resources */,
				8C9ED6E2F46B88D8399C443D /* [CP] Embed Pods Frameworks */,
			);
			buildRules = (
			);
			dependencies = (
			);
			name = Fred;
			productName = Fred;
			productReference = 61BC227A29AD25B9004200F9 /* Fred.app */;
			productType = "com.apple.product-type.application";
		};
/* End PBXNativeTarget section */

/* Begin PBXProject section */
		61BC227229AD25B8004200F9 /* Project object */ = {
			isa = PBXProject;
			attributes = {
				BuildIndependentTargetsInParallel = 1;
				LastSwiftUpdateCheck = 1340;
				LastUpgradeCheck = 1340;
				TargetAttributes = {
					61BC227929AD25B8004200F9 = {
						CreatedOnToolsVersion = 13.4.1;
					};
				};
			};
			buildConfigurationList = 61BC227529AD25B8004200F9 /* Build configuration list for PBXProject "Fred" */;
			compatibilityVersion = "Xcode 13.0";
			developmentRegion = en;
			hasScannedForEncodings = 0;
			knownRegions = (
				en,
				Base,
			);
			mainGroup = 61BC227129AD25B8004200F9;
			productRefGroup = 61BC227B29AD25B9004200F9 /* Products */;
			projectDirPath = "";
			projectRoot = "";
			targets = (
				61BC227929AD25B8004200F9 /* Fred */,
			);
		};
/* End PBXProject section */

/* Begin PBXResourcesBuildPhase section */
		61BC227829AD25B8004200F9 /* Resources */ = {
			isa = PBXResourcesBuildPhase;
			buildActionMask = 2147483647;
			files = (
				61BC228529AD25BC004200F9 /* Preview Assets.xcassets in Resources */,
				61BC228229AD25BC004200F9 /* Assets.xcassets in Resources */,
				61FA7AB429BA556D00AD8344 /* GoogleService-Info.plist in Resources */,
			);
			runOnlyForDeploymentPostprocessing = 0;
		};
/* End PBXResourcesBuildPhase section */

/* Begin PBXShellScriptBuildPhase section */
		8C9ED6E2F46B88D8399C443D /* [CP] Embed Pods Frameworks */ = {
			isa = PBXShellScriptBuildPhase;
			buildActionMask = 2147483647;
			files = (
			);
			inputFileListPaths = (
				"${PODS_ROOT}/Target Support Files/Pods-Fred/Pods-Fred-frameworks-${CONFIGURATION}-input-files.xcfilelist",
			);
			name = "[CP] Embed Pods Frameworks";
			outputFileListPaths = (
				"${PODS_ROOT}/Target Support Files/Pods-Fred/Pods-Fred-frameworks-${CONFIGURATION}-output-files.xcfilelist",
			);
			runOnlyForDeploymentPostprocessing = 0;
			shellPath = /bin/sh;
			shellScript = "\"${PODS_ROOT}/Target Support Files/Pods-Fred/Pods-Fred-frameworks.sh\"\n";
			showEnvVarsInLog = 0;
		};
		A1E1478D6607F3DE64755037 /* [CP] Check Pods Manifest.lock */ = {
			isa = PBXShellScriptBuildPhase;
			buildActionMask = 2147483647;
			files = (
			);
			inputFileListPaths = (
			);
			inputPaths = (
				"${PODS_PODFILE_DIR_PATH}/Podfile.lock",
				"${PODS_ROOT}/Manifest.lock",
			);
			name = "[CP] Check Pods Manifest.lock";
			outputFileListPaths = (
			);
			outputPaths = (
				"$(DERIVED_FILE_DIR)/Pods-Fred-checkManifestLockResult.txt",
			);
			runOnlyForDeploymentPostprocessing = 0;
			shellPath = /bin/sh;
			shellScript = "diff \"${PODS_PODFILE_DIR_PATH}/Podfile.lock\" \"${PODS_ROOT}/Manifest.lock\" > /dev/null\nif [ $? != 0 ] ; then\n    # print error to STDERR\n    echo \"error: The sandbox is not in sync with the Podfile.lock. Run 'pod install' or update your CocoaPods installation.\" >&2\n    exit 1\nfi\n# This output is used by Xcode 'outputs' to avoid re-running this script phase.\necho \"SUCCESS\" > \"${SCRIPT_OUTPUT_FILE_0}\"\n";
			showEnvVarsInLog = 0;
		};
/* End PBXShellScriptBuildPhase section */

/* Begin PBXSourcesBuildPhase section */
		61BC227629AD25B8004200F9 /* Sources */ = {
			isa = PBXSourcesBuildPhase;
			buildActionMask = 2147483647;
			files = (
				619C437C29B271A4006CDCF2 /* PostDetailView.swift in Sources */,
				61EF2C9D29AD3A1600429194 /* PostView.swift in Sources */,
				3F4A8C5C29CA0F5A00E8B565 /* Comment.swift in Sources */,
				619C437529B26B12006CDCF2 /* SettingsView.swift in Sources */,
				619D3F2B29CCC858003B5F86 /* ImagePicker.swift in Sources */,
				61BC228029AD25B9004200F9 /* ContentView.swift in Sources */,
				610D61CA29CB7F2B00D691CC /* UserDetailView.swift in Sources */,
				61EF2C9B29AD38CD00429194 /* SignIn.swift in Sources */,
				619C437A29B270CC006CDCF2 /* PostListView.swift in Sources */,
				61BC229529AD3036004200F9 /* SignUp.swift in Sources */,
				610D61C829CB7D8800D691CC /* UserView.swift in Sources */,
				61EAC81029D4D6D900A819DD /* ViewStack.swift in Sources */,
				619C437829B27095006CDCF2 /* CreatePostView.swift in Sources */,
				61BC227E29AD25B9004200F9 /* FredApp.swift in Sources */,
				61BC228E29AD2EE2004200F9 /* User.swift in Sources */,
				3F4A8C5A29CA0ED100E8B565 /* CommentSectionView.swift in Sources */,
				61BC229029AD2EED004200F9 /* Post.swift in Sources */,
			);
			runOnlyForDeploymentPostprocessing = 0;
		};
/* End PBXSourcesBuildPhase section */

/* Begin XCBuildConfiguration section */
		61BC228629AD25BC004200F9 /* Debug */ = {
			isa = XCBuildConfiguration;
			buildSettings = {
				ALWAYS_SEARCH_USER_PATHS = NO;
				CLANG_ANALYZER_NONNULL = YES;
				CLANG_ANALYZER_NUMBER_OBJECT_CONVERSION = YES_AGGRESSIVE;
				CLANG_CXX_LANGUAGE_STANDARD = "gnu++17";
				CLANG_ENABLE_MODULES = YES;
				CLANG_ENABLE_OBJC_ARC = YES;
				CLANG_ENABLE_OBJC_WEAK = YES;
				CLANG_WARN_BLOCK_CAPTURE_AUTORELEASING = YES;
				CLANG_WARN_BOOL_CONVERSION = YES;
				CLANG_WARN_COMMA = YES;
				CLANG_WARN_CONSTANT_CONVERSION = YES;
				CLANG_WARN_DEPRECATED_OBJC_IMPLEMENTATIONS = YES;
				CLANG_WARN_DIRECT_OBJC_ISA_USAGE = YES_ERROR;
				CLANG_WARN_DOCUMENTATION_COMMENTS = YES;
				CLANG_WARN_EMPTY_BODY = YES;
				CLANG_WARN_ENUM_CONVERSION = YES;
				CLANG_WARN_INFINITE_RECURSION = YES;
				CLANG_WARN_INT_CONVERSION = YES;
				CLANG_WARN_NON_LITERAL_NULL_CONVERSION = YES;
				CLANG_WARN_OBJC_IMPLICIT_RETAIN_SELF = YES;
				CLANG_WARN_OBJC_LITERAL_CONVERSION = YES;
				CLANG_WARN_OBJC_ROOT_CLASS = YES_ERROR;
				CLANG_WARN_QUOTED_INCLUDE_IN_FRAMEWORK_HEADER = YES;
				CLANG_WARN_RANGE_LOOP_ANALYSIS = YES;
				CLANG_WARN_STRICT_PROTOTYPES = YES;
				CLANG_WARN_SUSPICIOUS_MOVE = YES;
				CLANG_WARN_UNGUARDED_AVAILABILITY = YES_AGGRESSIVE;
				CLANG_WARN_UNREACHABLE_CODE = YES;
				CLANG_WARN__DUPLICATE_METHOD_MATCH = YES;
				COPY_PHASE_STRIP = NO;
				DEBUG_INFORMATION_FORMAT = dwarf;
				ENABLE_STRICT_OBJC_MSGSEND = YES;
				ENABLE_TESTABILITY = YES;
				GCC_C_LANGUAGE_STANDARD = gnu11;
				GCC_DYNAMIC_NO_PIC = NO;
				GCC_NO_COMMON_BLOCKS = YES;
				GCC_OPTIMIZATION_LEVEL = 0;
				GCC_PREPROCESSOR_DEFINITIONS = (
					"DEBUG=1",
					"$(inherited)",
				);
				GCC_WARN_64_TO_32_BIT_CONVERSION = YES;
				GCC_WARN_ABOUT_RETURN_TYPE = YES_ERROR;
				GCC_WARN_UNDECLARED_SELECTOR = YES;
				GCC_WARN_UNINITIALIZED_AUTOS = YES_AGGRESSIVE;
				GCC_WARN_UNUSED_FUNCTION = YES;
				GCC_WARN_UNUSED_VARIABLE = YES;
				IPHONEOS_DEPLOYMENT_TARGET = 15.5;
				MTL_ENABLE_DEBUG_INFO = INCLUDE_SOURCE;
				MTL_FAST_MATH = YES;
				ONLY_ACTIVE_ARCH = YES;
				SDKROOT = iphoneos;
				SWIFT_ACTIVE_COMPILATION_CONDITIONS = DEBUG;
				SWIFT_OPTIMIZATION_LEVEL = "-Onone";
			};
			name = Debug;
		};
		61BC228729AD25BC004200F9 /* Release */ = {
			isa = XCBuildConfiguration;
			buildSettings = {
				ALWAYS_SEARCH_USER_PATHS = NO;
				CLANG_ANALYZER_NONNULL = YES;
				CLANG_ANALYZER_NUMBER_OBJECT_CONVERSION = YES_AGGRESSIVE;
				CLANG_CXX_LANGUAGE_STANDARD = "gnu++17";
				CLANG_ENABLE_MODULES = YES;
				CLANG_ENABLE_OBJC_ARC = YES;
				CLANG_ENABLE_OBJC_WEAK = YES;
				CLANG_WARN_BLOCK_CAPTURE_AUTORELEASING = YES;
				CLANG_WARN_BOOL_CONVERSION = YES;
				CLANG_WARN_COMMA = YES;
				CLANG_WARN_CONSTANT_CONVERSION = YES;
				CLANG_WARN_DEPRECATED_OBJC_IMPLEMENTATIONS = YES;
				CLANG_WARN_DIRECT_OBJC_ISA_USAGE = YES_ERROR;
				CLANG_WARN_DOCUMENTATION_COMMENTS = YES;
				CLANG_WARN_EMPTY_BODY = YES;
				CLANG_WARN_ENUM_CONVERSION = YES;
				CLANG_WARN_INFINITE_RECURSION = YES;
				CLANG_WARN_INT_CONVERSION = YES;
				CLANG_WARN_NON_LITERAL_NULL_CONVERSION = YES;
				CLANG_WARN_OBJC_IMPLICIT_RETAIN_SELF = YES;
				CLANG_WARN_OBJC_LITERAL_CONVERSION = YES;
				CLANG_WARN_OBJC_ROOT_CLASS = YES_ERROR;
				CLANG_WARN_QUOTED_INCLUDE_IN_FRAMEWORK_HEADER = YES;
				CLANG_WARN_RANGE_LOOP_ANALYSIS = YES;
				CLANG_WARN_STRICT_PROTOTYPES = YES;
				CLANG_WARN_SUSPICIOUS_MOVE = YES;
				CLANG_WARN_UNGUARDED_AVAILABILITY = YES_AGGRESSIVE;
				CLANG_WARN_UNREACHABLE_CODE = YES;
				CLANG_WARN__DUPLICATE_METHOD_MATCH = YES;
				COPY_PHASE_STRIP = NO;
				DEBUG_INFORMATION_FORMAT = "dwarf-with-dsym";
				ENABLE_NS_ASSERTIONS = NO;
				ENABLE_STRICT_OBJC_MSGSEND = YES;
				GCC_C_LANGUAGE_STANDARD = gnu11;
				GCC_NO_COMMON_BLOCKS = YES;
				GCC_WARN_64_TO_32_BIT_CONVERSION = YES;
				GCC_WARN_ABOUT_RETURN_TYPE = YES_ERROR;
				GCC_WARN_UNDECLARED_SELECTOR = YES;
				GCC_WARN_UNINITIALIZED_AUTOS = YES_AGGRESSIVE;
				GCC_WARN_UNUSED_FUNCTION = YES;
				GCC_WARN_UNUSED_VARIABLE = YES;
				IPHONEOS_DEPLOYMENT_TARGET = 15.5;
				MTL_ENABLE_DEBUG_INFO = NO;
				MTL_FAST_MATH = YES;
				SDKROOT = iphoneos;
				SWIFT_COMPILATION_MODE = wholemodule;
				SWIFT_OPTIMIZATION_LEVEL = "-O";
				VALIDATE_PRODUCT = YES;
			};
			name = Release;
		};
		61BC228929AD25BC004200F9 /* Debug */ = {
			isa = XCBuildConfiguration;
			baseConfigurationReference = 3B6BB917B72B45160C7CC0BE /* Pods-Fred.debug.xcconfig */;
			buildSettings = {
				ASSETCATALOG_COMPILER_APPICON_NAME = AppIcon;
				ASSETCATALOG_COMPILER_GLOBAL_ACCENT_COLOR_NAME = AccentColor;
				CODE_SIGN_STYLE = Automatic;
				CURRENT_PROJECT_VERSION = 1;
				DEVELOPMENT_ASSET_PATHS = "\"Fred/Preview Content\"";
				ENABLE_PREVIEWS = YES;
				GENERATE_INFOPLIST_FILE = YES;
				INFOPLIST_KEY_UIApplicationSceneManifest_Generation = YES;
				INFOPLIST_KEY_UIApplicationSupportsIndirectInputEvents = YES;
				INFOPLIST_KEY_UILaunchScreen_Generation = YES;
				INFOPLIST_KEY_UISupportedInterfaceOrientations_iPad = "UIInterfaceOrientationPortrait UIInterfaceOrientationPortraitUpsideDown UIInterfaceOrientationLandscapeLeft UIInterfaceOrientationLandscapeRight";
				INFOPLIST_KEY_UISupportedInterfaceOrientations_iPhone = "UIInterfaceOrientationPortrait UIInterfaceOrientationLandscapeLeft UIInterfaceOrientationLandscapeRight";
				LD_RUNPATH_SEARCH_PATHS = (
					"$(inherited)",
					"@executable_path/Frameworks",
				);
				MARKETING_VERSION = 1.0;
				PRODUCT_BUNDLE_IDENTIFIER = devin12422.Fred;
				PRODUCT_NAME = "$(TARGET_NAME)";
				SWIFT_EMIT_LOC_STRINGS = YES;
				SWIFT_VERSION = 5.0;
				TARGETED_DEVICE_FAMILY = "1,2";
			};
			name = Debug;
		};
		61BC228A29AD25BC004200F9 /* Release */ = {
			isa = XCBuildConfiguration;
			baseConfigurationReference = 1A83953AD007F1D22FC64386 /* Pods-Fred.release.xcconfig */;
			buildSettings = {
				ASSETCATALOG_COMPILER_APPICON_NAME = AppIcon;
				ASSETCATALOG_COMPILER_GLOBAL_ACCENT_COLOR_NAME = AccentColor;
				CODE_SIGN_STYLE = Automatic;
				CURRENT_PROJECT_VERSION = 1;
				DEVELOPMENT_ASSET_PATHS = "\"Fred/Preview Content\"";
				ENABLE_PREVIEWS = YES;
				GENERATE_INFOPLIST_FILE = YES;
				INFOPLIST_KEY_UIApplicationSceneManifest_Generation = YES;
				INFOPLIST_KEY_UIApplicationSupportsIndirectInputEvents = YES;
				INFOPLIST_KEY_UILaunchScreen_Generation = YES;
				INFOPLIST_KEY_UISupportedInterfaceOrientations_iPad = "UIInterfaceOrientationPortrait UIInterfaceOrientationPortraitUpsideDown UIInterfaceOrientationLandscapeLeft UIInterfaceOrientationLandscapeRight";
				INFOPLIST_KEY_UISupportedInterfaceOrientations_iPhone = "UIInterfaceOrientationPortrait UIInterfaceOrientationLandscapeLeft UIInterfaceOrientationLandscapeRight";
				LD_RUNPATH_SEARCH_PATHS = (
					"$(inherited)",
					"@executable_path/Frameworks",
				);
				MARKETING_VERSION = 1.0;
				PRODUCT_BUNDLE_IDENTIFIER = devin12422.Fred;
				PRODUCT_NAME = "$(TARGET_NAME)";
				SWIFT_EMIT_LOC_STRINGS = YES;
				SWIFT_VERSION = 5.0;
				TARGETED_DEVICE_FAMILY = "1,2";
			};
			name = Release;
		};
/* End XCBuildConfiguration section */

/* Begin XCConfigurationList section */
		61BC227529AD25B8004200F9 /* Build configuration list for PBXProject "Fred" */ = {
			isa = XCConfigurationList;
			buildConfigurations = (
				61BC228629AD25BC004200F9 /* Debug */,
				61BC228729AD25BC004200F9 /* Release */,
			);
			defaultConfigurationIsVisible = 0;
			defaultConfigurationName = Release;
		};
		61BC228829AD25BC004200F9 /* Build configuration list for PBXNativeTarget "Fred" */ = {
			isa = XCConfigurationList;
			buildConfigurations = (
				61BC228929AD25BC004200F9 /* Debug */,
				61BC228A29AD25BC004200F9 /* Release */,
			);
			defaultConfigurationIsVisible = 0;
			defaultConfigurationName = Release;
		};
/* End XCConfigurationList section */
	};
	rootObject = 61BC227229AD25B8004200F9 /* Project object */;
}
